{
  "name": "token-guard",
  "version": "0.3.0-preview.2",
  "lockfileVersion": 3,
  "requires": true,
  "packages": {
    "": {
      "name": "token-guard",
      "version": "0.3.0-preview.2",
      "license": "Apache-2.0",
      "bin": {
        "tg": "bin/token-guard.js",
        "token-guard": "bin/token-guard.js"
      },
      "engines": {
        "node": ">=18"
      }
    }
  }
}
